
Microsoft Visual Studio Solution File, Format Version 12.00
# Visual Studio Version 17
VisualStudioVersion = 17.0.31903.59
MinimumVisualStudioVersion = 10.0.40219.1
Project("{FAE04EC0-301F-11D3-BF4B-00C04F79EFBC}") = "Pre.AsyncAwait.Cons", "Pre.AsyncAwait.Cons\Pre.AsyncAwait.Cons.csproj", "{4BD83D0A-34F7-4997-B2AC-80BF475D6CFE}"
EndProject
Project("{FAE04EC0-301F-11D3-BF4B-00C04F79EFBC}") = "Pre.AsyncAwait.Core", "Pre.AsyncAwait.Core\Pre.AsyncAwait.Core.csproj", "{CF5C933E-1BDA-42A2-ADF0-5D767B5A0C13}"
EndProject
Global
	GlobalSection(SolutionConfigurationPlatforms) = preSolution
		Debug|Any CPU = Debug|Any CPU
		Release|Any CPU = Release|Any CPU
	EndGlobalSection
	GlobalSection(SolutionProperties) = preSolution
		HideSolutionNode = FALSE
	EndGlobalSection
	GlobalSection(ProjectConfigurationPlatforms) = postSolution
		{4BD83D0A-34F7-4997-B2AC-80BF475D6CFE}.Debug|Any CPU.ActiveCfg = Debug|Any CPU
		{4BD83D0A-34F7-4997-B2AC-80BF475D6CFE}.Debug|Any CPU.Build.0 = Debug|Any CPU
		{4BD83D0A-34F7-4997-B2AC-80BF475D6CFE}.Release|Any CPU.ActiveCfg = Release|Any CPU
		{4BD83D0A-34F7-4997-B2AC-80BF475D6CFE}.Release|Any CPU.Build.0 = Release|Any CPU
		{CF5C933E-1BDA-42A2-ADF0-5D767B5A0C13}.Debug|Any CPU.ActiveCfg = Debug|Any CPU
		{CF5C933E-1BDA-42A2-ADF0-5D767B5A0C13}.Debug|Any CPU.Build.0 = Debug|Any CPU
		{CF5C933E-1BDA-42A2-ADF0-5D767B5A0C13}.Release|Any CPU.ActiveCfg = Release|Any CPU
		{CF5C933E-1BDA-42A2-ADF0-5D767B5A0C13}.Release|Any CPU.Build.0 = Release|Any CPU
	EndGlobalSection
EndGlobal
